// !$*UTF8*$!
{
	archiveVersion = 1;
	classes = {
	};
	objectVersion = 48;
	objects = {

/* Begin PBXBuildFile section */
		6A533DB01F996CA70014B2CA /* AppDelegate.swift in Sources */ = {isa = PBXBuildFile; fileRef = 6A533DAF1F996CA70014B2CA /* AppDelegate.swift */; };
		6A533DB41F996CA70014B2CA /* Assets.xcassets in Resources */ = {isa = PBXBuildFile; fileRef = 6A533DB31F996CA70014B2CA /* Assets.xcassets */; };
		6A533DB71F996CA70014B2CA /* Main.storyboard in Resources */ = {isa = PBXBuildFile; fileRef = 6A533DB51F996CA70014B2CA /* Main.storyboard */; };
		6A533DC01F998E6D0014B2CA /* SpotifyPlayerViewController.swift in Sources */ = {isa = PBXBuildFile; fileRef = 6A533DBF1F998E6D0014B2CA /* SpotifyPlayerViewController.swift */; };
		6A533DC21F9BAE870014B2CA /* SpotifyMenuButton.swift in Sources */ = {isa = PBXBuildFile; fileRef = 6A533DC11F9BAE870014B2CA /* SpotifyMenuButton.swift */; };
		6A533DC91F9BB7A10014B2CA /* EventListener.swift in Sources */ = {isa = PBXBuildFile; fileRef = 6A533DC81F9BB7A10014B2CA /* EventListener.swift */; };
/* End PBXBuildFile section */

/* Begin PBXFileReference section */
		6A533DAC1F996CA70014B2CA /* Spotify Helper.app */ = {isa = PBXFileReference; explicitFileType = wrapper.application; includeInIndex = 0; path = "Spotify Helper.app"; sourceTree = BUILT_PRODUCTS_DIR; };
		6A533DAF1F996CA70014B2CA /* AppDelegate.swift */ = {isa = PBXFileReference; lastKnownFileType = sourcecode.swift; path = AppDelegate.swift; sourceTree = "<group>"; };
		6A533DB31F996CA70014B2CA /* Assets.xcassets */ = {isa = PBXFileReference; lastKnownFileType = folder.assetcatalog; path = Assets.xcassets; sourceTree = "<group>"; };
		6A533DB61F996CA70014B2CA /* Base */ = {isa = PBXFileReference; lastKnownFileType = file.storyboard; name = Base; path = Base.lproj/Main.storyboard; sourceTree = "<group>"; };
		6A533DB81F996CA70014B2CA /* Info.plist */ = {isa = PBXFileReference; lastKnownFileType = text.plist.xml; path = Info.plist; sourceTree = "<group>"; };
		6A533DB91F996CA70014B2CA /* Spotify_Helper.entitlements */ = {isa = PBXFileReference; lastKnownFileType = text.plist.entitlements; path = Spotify_Helper.entitlements; sourceTree = "<group>"; };
		6A533DBF1F998E6D0014B2CA /* SpotifyPlayerViewController.swift */ = {isa = PBXFileReference; lastKnownFileType = sourcecode.swift; path = SpotifyPlayerViewController.swift; sourceTree = "<group>"; };
		6A533DC11F9BAE870014B2CA /* SpotifyMenuButton.swift */ = {isa = PBXFileReference; lastKnownFileType = sourcecode.swift; path = SpotifyMenuButton.swift; sourceTree = "<group>"; };
		6A533DC81F9BB7A10014B2CA /* EventListener.swift */ = {isa = PBXFileReference; lastKnownFileType = sourcecode.swift; path = EventListener.swift; sourceTree = "<group>"; };
/* End PBXFileReference section */

/* Begin PBXFrameworksBuildPhase section */
		6A533DA91F996CA70014B2CA /* Frameworks */ = {
			isa = PBXFrameworksBuildPhase;
			buildActionMask = 2147483647;
			files = (
			);
			runOnlyForDeploymentPostprocessing = 0;
		};
/* End PBXFrameworksBuildPhase section */

/* Begin PBXGroup section */
		6A533DA31F996CA70014B2CA = {
			isa = PBXGroup;
			children = (
				6A533DAE1F996CA70014B2CA /* Spotify Helper */,
				6A533DAD1F996CA70014B2CA /* Products */,
			);
			sourceTree = "<group>";
		};
		6A533DAD1F996CA70014B2CA /* Products */ = {
			isa = PBXGroup;
			children = (
				6A533DAC1F996CA70014B2CA /* Spotify Helper.app */,
			);
			name = Products;
			sourceTree = "<group>";
		};
		6A533DAE1F996CA70014B2CA /* Spotify Helper */ = {
			isa = PBXGroup;
			children = (
				6A533DAF1F996CA70014B2CA /* AppDelegate.swift */,
				6A533DC41F9BB71C0014B2CA /* Assets */,
				6A533DC51F9BB7270014B2CA /* Config */,
				6A533DC61F9BB7400014B2CA /* Controllers */,
				6A533DC71F9BB74C0014B2CA /* Models */,
				6A533DC31F9BB70A0014B2CA /* Storyboards */,
			);
			path = "Spotify Helper";
			sourceTree = "<group>";
		};
		6A533DC31F9BB70A0014B2CA /* Storyboards */ = {
			isa = PBXGroup;
			children = (
				6A533DB51F996CA70014B2CA /* Main.storyboard */,
			);
			path = Storyboards;
			sourceTree = "<group>";
		};
		6A533DC41F9BB71C0014B2CA /* Assets */ = {
			isa = PBXGroup;
			children = (
				6A533DB31F996CA70014B2CA /* Assets.xcassets */,
			);
			path = Assets;
			sourceTree = "<group>";
		};
		6A533DC51F9BB7270014B2CA /* Config */ = {
			isa = PBXGroup;
			children = (
				6A533DB81F996CA70014B2CA /* Info.plist */,
				6A533DB91F996CA70014B2CA /* Spotify_Helper.entitlements */,
			);
			path = Config;
			sourceTree = "<group>";
		};
		6A533DC61F9BB7400014B2CA /* Controllers */ = {
			isa = PBXGroup;
			children = (
				6A533DBF1F998E6D0014B2CA /* SpotifyPlayerViewController.swift */,
				6A533DC11F9BAE870014B2CA /* SpotifyMenuButton.swift */,
				6A533DC81F9BB7A10014B2CA /* EventListener.swift */,
			);
			path = Controllers;
			sourceTree = "<group>";
		};
		6A533DC71F9BB74C0014B2CA /* Models */ = {
			isa = PBXGroup;
			children = (
			);
			path = Models;
			sourceTree = "<group>";
		};
/* End PBXGroup section */

/* Begin PBXNativeTarget section */
		6A533DAB1F996CA70014B2CA /* Spotify Helper */ = {
			isa = PBXNativeTarget;
			buildConfigurationList = 6A533DBC1F996CA70014B2CA /* Build configuration list for PBXNativeTarget "Spotify Helper" */;
			buildPhases = (
				6A533DA81F996CA70014B2CA /* Sources */,
				6A533DA91F996CA70014B2CA /* Frameworks */,
				6A533DAA1F996CA70014B2CA /* Resources */,
			);
			buildRules = (
			);
			dependencies = (
			);
			name = "Spotify Helper";
			productName = "Spotify Helper";
			productReference = 6A533DAC1F996CA70014B2CA /* Spotify Helper.app */;
			productType = "com.apple.product-type.application";
		};
/* End PBXNativeTarget section */

/* Begin PBXProject section */
		6A533DA41F996CA70014B2CA /* Project object */ = {
			isa = PBXProject;
			attributes = {
				LastSwiftUpdateCheck = 0900;
				LastUpgradeCheck = 0900;
				ORGANIZATIONNAME = "Lucid Development";
				TargetAttributes = {
					6A533DAB1F996CA70014B2CA = {
						CreatedOnToolsVersion = 9.0;
						ProvisioningStyle = Automatic;
					};
				};
			};
			buildConfigurationList = 6A533DA71F996CA70014B2CA /* Build configuration list for PBXProject "Spotify Helper" */;
			compatibilityVersion = "Xcode 8.0";
			developmentRegion = en;
			hasScannedForEncodings = 0;
			knownRegions = (
				en,
				Base,
			);
			mainGroup = 6A533DA31F996CA70014B2CA;
			productRefGroup = 6A533DAD1F996CA70014B2CA /* Products */;
			projectDirPath = "";
			projectRoot = "";
			targets = (
				6A533DAB1F996CA70014B2CA /* Spotify Helper */,
			);
		};
/* End PBXProject section */

/* Begin PBXResourcesBuildPhase section */
		6A533DAA1F996CA70014B2CA /* Resources */ = {
			isa = PBXResourcesBuildPhase;
			buildActionMask = 2147483647;
			files = (
				6A533DB41F996CA70014B2CA /* Assets.xcassets in Resources */,
				6A533DB71F996CA70014B2CA /* Main.storyboard in Resources */,
			);
			runOnlyForDeploymentPostprocessing = 0;
		};
/* End PBXResourcesBuildPhase section */

/* Begin PBXSourcesBuildPhase section */
		6A533DA81F996CA70014B2CA /* Sources */ = {
			isa = PBXSourcesBuildPhase;
			buildActionMask = 2147483647;
			files = (
				6A533DC21F9BAE870014B2CA /* SpotifyMenuButton.swift in Sources */,
				6A533DC01F998E6D0014B2CA /* SpotifyPlayerViewController.swift in Sources */,
				6A533DB01F996CA70014B2CA /* AppDelegate.swift in Sources */,
				6A533DC91F9BB7A10014B2CA /* EventListener.swift in Sources */,
			);
			runOnlyForDeploymentPostprocessing = 0;
		};
/* End PBXSourcesBuildPhase section */

/* Begin PBXVariantGroup section */
		6A533DB51F996CA70014B2CA /* Main.storyboard */ = {
			isa = PBXVariantGroup;
			children = (
				6A533DB61F996CA70014B2CA /* Base */,
			);
			name = Main.storyboard;
			sourceTree = "<group>";
		};
/* End PBXVariantGroup section */

/* Begin XCBuildConfiguration section */
		6A533DBA1F996CA70014B2CA /* Debug */ = {
			isa = XCBuildConfiguration;
			buildSettings = {
				ALWAYS_SEARCH_USER_PATHS = NO;
				CLANG_ANALYZER_NONNULL = YES;
				CLANG_ANALYZER_NUMBER_OBJECT_CONVERSION = YES_AGGRESSIVE;
				CLANG_CXX_LANGUAGE_STANDARD = "gnu++14";
				CLANG_CXX_LIBRARY = "libc++";
				CLANG_ENABLE_MODULES = YES;
				CLANG_ENABLE_OBJC_ARC = YES;
				CLANG_WARN_BLOCK_CAPTURE_AUTORELEASING = YES;
				CLANG_WARN_BOOL_CONVERSION = YES;
				CLANG_WARN_COMMA = YES;
				CLANG_WARN_CONSTANT_CONVERSION = YES;
				CLANG_WARN_DIRECT_OBJC_ISA_USAGE = YES_ERROR;
				CLANG_WARN_DOCUMENTATION_COMMENTS = YES;
				CLANG_WARN_EMPTY_BODY = YES;
				CLANG_WARN_ENUM_CONVERSION = YES;
				CLANG_WARN_INFINITE_RECURSION = YES;
				CLANG_WARN_INT_CONVERSION = YES;
				CLANG_WARN_NON_LITERAL_NULL_CONVERSION = YES;
				CLANG_WARN_OBJC_LITERAL_CONVERSION = YES;
				CLANG_WARN_OBJC_ROOT_CLASS = YES_ERROR;
				CLANG_WARN_RANGE_LOOP_ANALYSIS = YES;
				CLANG_WARN_STRICT_PROTOTYPES = YES;
				CLANG_WARN_SUSPICIOUS_MOVE = YES;
				CLANG_WARN_UNGUARDED_AVAILABILITY = YES_AGGRESSIVE;
				CLANG_WARN_UNREACHABLE_CODE = YES;
				CLANG_WARN__DUPLICATE_METHOD_MATCH = YES;
				CODE_SIGN_IDENTITY = "-";
				COPY_PHASE_STRIP = NO;
				DEBUG_INFORMATION_FORMAT = dwarf;
				ENABLE_STRICT_OBJC_MSGSEND = YES;
				ENABLE_TESTABILITY = YES;
				GCC_C_LANGUAGE_STANDARD = gnu11;
				GCC_DYNAMIC_NO_PIC = NO;
				GCC_NO_COMMON_BLOCKS = YES;
				GCC_OPTIMIZATION_LEVEL = 0;
				GCC_PREPROCESSOR_DEFINITIONS = (
					"DEBUG=1",
					"$(inherited)",
				);
				GCC_WARN_64_TO_32_BIT_CONVERSION = YES;
				GCC_WARN_ABOUT_RETURN_TYPE = YES_ERROR;
				GCC_WARN_UNDECLARED_SELECTOR = YES;
				GCC_WARN_UNINITIALIZED_AUTOS = YES_AGGRESSIVE;
				GCC_WARN_UNUSED_FUNCTION = YES;
				GCC_WARN_UNUSED_VARIABLE = YES;
				MACOSX_DEPLOYMENT_TARGET = 10.12;
				MTL_ENABLE_DEBUG_INFO = YES;
				ONLY_ACTIVE_ARCH = YES;
				SDKROOT = macosx;
				SWIFT_ACTIVE_COMPILATION_CONDITIONS = DEBUG;
				SWIFT_OPTIMIZATION_LEVEL = "-Onone";
			};
			name = Debug;
		};
		6A533DBB1F996CA70014B2CA /* Release */ = {
			isa = XCBuildConfiguration;
			buildSettings = {
				ALWAYS_SEARCH_USER_PATHS = NO;
				CLANG_ANALYZER_NONNULL = YES;
				CLANG_ANALYZER_NUMBER_OBJECT_CONVERSION = YES_AGGRESSIVE;
				CLANG_CXX_LANGUAGE_STANDARD = "gnu++14";
				CLANG_CXX_LIBRARY = "libc++";
				CLANG_ENABLE_MODULES = YES;
				CLANG_ENABLE_OBJC_ARC = YES;
				CLANG_WARN_BLOCK_CAPTURE_AUTORELEASING = YES;
				CLANG_WARN_BOOL_CONVERSION = YES;
				CLANG_WARN_COMMA = YES;
				CLANG_WARN_CONSTANT_CONVERSION = YES;
				CLANG_WARN_DIRECT_OBJC_ISA_USAGE = YES_ERROR;
				CLANG_WARN_DOCUMENTATION_COMMENTS = YES;
				CLANG_WARN_EMPTY_BODY = YES;
				CLANG_WARN_ENUM_CONVERSION = YES;
				CLANG_WARN_INFINITE_RECURSION = YES;
				CLANG_WARN_INT_CONVERSION = YES;
				CLANG_WARN_NON_LITERAL_NULL_CONVERSION = YES;
				CLANG_WARN_OBJC_LITERAL_CONVERSION = YES;
				CLANG_WARN_OBJC_ROOT_CLASS = YES_ERROR;
				CLANG_WARN_RANGE_LOOP_ANALYSIS = YES;
				CLANG_WARN_STRICT_PROTOTYPES = YES;
				CLANG_WARN_SUSPICIOUS_MOVE = YES;
				CLANG_WARN_UNGUARDED_AVAILABILITY = YES_AGGRESSIVE;
				CLANG_WARN_UNREACHABLE_CODE = YES;
				CLANG_WARN__DUPLICATE_METHOD_MATCH = YES;
				CODE_SIGN_IDENTITY = "-";
				COPY_PHASE_STRIP = NO;
				DEBUG_INFORMATION_FORMAT = "dwarf-with-dsym";
				ENABLE_NS_ASSERTIONS = NO;
				ENABLE_STRICT_OBJC_MSGSEND = YES;
				GCC_C_LANGUAGE_STANDARD = gnu11;
				GCC_NO_COMMON_BLOCKS = YES;
				GCC_WARN_64_TO_32_BIT_CONVERSION = YES;
				GCC_WARN_ABOUT_RETURN_TYPE = YES_ERROR;
				GCC_WARN_UNDECLARED_SELECTOR = YES;
				GCC_WARN_UNINITIALIZED_AUTOS = YES_AGGRESSIVE;
				GCC_WARN_UNUSED_FUNCTION = YES;
				GCC_WARN_UNUSED_VARIABLE = YES;
				MACOSX_DEPLOYMENT_TARGET = 10.12;
				MTL_ENABLE_DEBUG_INFO = NO;
				SDKROOT = macosx;
				SWIFT_OPTIMIZATION_LEVEL = "-Owholemodule";
			};
			name = Release;
		};
		6A533DBD1F996CA70014B2CA /* Debug */ = {
			isa = XCBuildConfiguration;
			buildSettings = {
				ASSETCATALOG_COMPILER_APPICON_NAME = AppIcon;
				CODE_SIGN_ENTITLEMENTS = "Spotify Helper/Config/Spotify_Helper.entitlements";
				CODE_SIGN_STYLE = Automatic;
				COMBINE_HIDPI_IMAGES = YES;
				INFOPLIST_FILE = "$(SRCROOT)/Spotify Helper/Config/Info.plist";
				LD_RUNPATH_SEARCH_PATHS = "$(inherited) @executable_path/../Frameworks";
				PRODUCT_BUNDLE_IDENTIFIER = "com.lucid.Spotify-Helper";
				PRODUCT_NAME = "$(TARGET_NAME)";
				SWIFT_VERSION = 4.0;
			};
			name = Debug;
		};
		6A533DBE1F996CA70014B2CA /* Release */ = {
			isa = XCBuildConfiguration;
			buildSettings = {
				ASSETCATALOG_COMPILER_APPICON_NAME = AppIcon;
				CODE_SIGN_ENTITLEMENTS = "Spotify Helper/Config/Spotify_Helper.entitlements";
				CODE_SIGN_STYLE = Automatic;
				COMBINE_HIDPI_IMAGES = YES;
				INFOPLIST_FILE = "$(SRCROOT)/Spotify Helper/Config/Info.plist";
				LD_RUNPATH_SEARCH_PATHS = "$(inherited) @executable_path/../Frameworks";
				PRODUCT_BUNDLE_IDENTIFIER = "com.lucid.Spotify-Helper";
				PRODUCT_NAME = "$(TARGET_NAME)";
				SWIFT_VERSION = 4.0;
			};
			name = Release;
		};
/* End XCBuildConfiguration section */

/* Begin XCConfigurationList section */
		6A533DA71F996CA70014B2CA /* Build configuration list for PBXProject "Spotify Helper" */ = {
			isa = XCConfigurationList;
			buildConfigurations = (
				6A533DBA1F996CA70014B2CA /* Debug */,
				6A533DBB1F996CA70014B2CA /* Release */,
			);
			defaultConfigurationIsVisible = 0;
			defaultConfigurationName = Release;
		};
		6A533DBC1F996CA70014B2CA /* Build configuration list for PBXNativeTarget "Spotify Helper" */ = {
			isa = XCConfigurationList;
			buildConfigurations = (
				6A533DBD1F996CA70014B2CA /* Debug */,
				6A533DBE1F996CA70014B2CA /* Release */,
			);
			defaultConfigurationIsVisible = 0;
			defaultConfigurationName = Release;
		};
/* End XCConfigurationList section */
	};
	rootObject = 6A533DA41F996CA70014B2CA /* Project object */;
}
